// !$*UTF8*$!
{
	archiveVersion = 1;
	classes = {
	};
	objectVersion = 46;
	objects = {

/* Begin PBXBuildFile section */
		093EC5C0338FC27206DB14A3 /* libPods-ReferenceProject_iOSTests.a in Frameworks */ = {isa = PBXBuildFile; fileRef = B808E380C7682FD87B14FCA5 /* libPods-ReferenceProject_iOSTests.a */; };
		096A63C41D1A9A4A00B08AFA /* main.m in Sources */ = {isa = PBXBuildFile; fileRef = 096A63C31D1A9A4A00B08AFA /* main.m */; };
		096A63C71D1A9A4A00B08AFA /* AppDelegate.m in Sources */ = {isa = PBXBuildFile; fileRef = 096A63C61D1A9A4A00B08AFA /* AppDelegate.m */; };
		096A63CA1D1A9A4A00B08AFA /* ViewController.m in Sources */ = {isa = PBXBuildFile; fileRef = 096A63C91D1A9A4A00B08AFA /* ViewController.m */; };
		096A63CD1D1A9A4A00B08AFA /* Main.storyboard in Resources */ = {isa = PBXBuildFile; fileRef = 096A63CB1D1A9A4A00B08AFA /* Main.storyboard */; };
		096A63CF1D1A9A4A00B08AFA /* Assets.xcassets in Resources */ = {isa = PBXBuildFile; fileRef = 096A63CE1D1A9A4A00B08AFA /* Assets.xcassets */; };
		096A63D21D1A9A4A00B08AFA /* LaunchScreen.storyboard in Resources */ = {isa = PBXBuildFile; fileRef = 096A63D01D1A9A4A00B08AFA /* LaunchScreen.storyboard */; };
		096A63DD1D1A9A4A00B08AFA /* ReferenceProject_iOSTests.m in Sources */ = {isa = PBXBuildFile; fileRef = 096A63DC1D1A9A4A00B08AFA /* ReferenceProject_iOSTests.m */; };
		096A63E81D1A9A4A00B08AFA /* ReferenceProject_iOSUITests.m in Sources */ = {isa = PBXBuildFile; fileRef = 096A63E71D1A9A4A00B08AFA /* ReferenceProject_iOSUITests.m */; };
		096A63F71D1AA42E00B08AFA /* AuthentationViewController.m in Sources */ = {isa = PBXBuildFile; fileRef = 096A63F61D1AA42E00B08AFA /* AuthentationViewController.m */; };
		096B53A51D1BAE1500004D18 /* Constant.m in Sources */ = {isa = PBXBuildFile; fileRef = 096B53A21D1BAE1500004D18 /* Constant.m */; };
		096B53A91D1BAECB00004D18 /* SignUpViewController.m in Sources */ = {isa = PBXBuildFile; fileRef = 096B53A81D1BAECB00004D18 /* SignUpViewController.m */; };
		096B53AC1D1BB36200004D18 /* ChangePasswordViewController.m in Sources */ = {isa = PBXBuildFile; fileRef = 096B53AB1D1BB36200004D18 /* ChangePasswordViewController.m */; };
		096B53AF1D1BB38300004D18 /* ForgotPasswordViewController.m in Sources */ = {isa = PBXBuildFile; fileRef = 096B53AE1D1BB38300004D18 /* ForgotPasswordViewController.m */; };
		096B53B31D1BE1BF00004D18 /* ForgotPasswordView.m in Sources */ = {isa = PBXBuildFile; fileRef = 096B53B11D1BE1BF00004D18 /* ForgotPasswordView.m */; };
		096B53B41D1BE1BF00004D18 /* ForgotPasswordView.xib in Resources */ = {isa = PBXBuildFile; fileRef = 096B53B21D1BE1BF00004D18 /* ForgotPasswordView.xib */; };
		096B53B71D1BECAE00004D18 /* Postman.m in Sources */ = {isa = PBXBuildFile; fileRef = 096B53B61D1BECAE00004D18 /* Postman.m */; };
		096B53BB1D1BEE9000004D18 /* Info.plist in Resources */ = {isa = PBXBuildFile; fileRef = 096B53BA1D1BEE9000004D18 /* Info.plist */; };
		86B49ACD1D20F81200997AB9 /* GoogleService-Info (3).plist in Resources */ = {isa = PBXBuildFile; fileRef = 86B49ACC1D20F81200997AB9 /* GoogleService-Info (3).plist */; };
		86B49AD01D20F93600997AB9 /* GoogleViewController.m in Sources */ = {isa = PBXBuildFile; fileRef = 86B49ACF1D20F93600997AB9 /* GoogleViewController.m */; };
		86CED1C81D1D0ACD0012A41D /* FacebookViewController.m in Sources */ = {isa = PBXBuildFile; fileRef = 86CED1C71D1D0ACD0012A41D /* FacebookViewController.m */; };
		86CED1CD1D1D0BC30012A41D /* FBSDKCoreKit.framework in Frameworks */ = {isa = PBXBuildFile; fileRef = 86CED1C91D1D0BC30012A41D /* FBSDKCoreKit.framework */; };
		86CED1CE1D1D0BC30012A41D /* FBSDKLoginKit.framework in Frameworks */ = {isa = PBXBuildFile; fileRef = 86CED1CA1D1D0BC30012A41D /* FBSDKLoginKit.framework */; };
		86CED1CF1D1D0BC30012A41D /* FBSDKMessengerShareKit.framework in Frameworks */ = {isa = PBXBuildFile; fileRef = 86CED1CB1D1D0BC30012A41D /* FBSDKMessengerShareKit.framework */; };
		86CED1D01D1D0BC30012A41D /* FBSDKShareKit.framework in Frameworks */ = {isa = PBXBuildFile; fileRef = 86CED1CC1D1D0BC30012A41D /* FBSDKShareKit.framework */; };
		9DC9D744197D4DFE83DF07EE /* libPods-ReferenceProject_iOSUITests.a in Frameworks */ = {isa = PBXBuildFile; fileRef = 3E529970401CD5B3F176A5B5 /* libPods-ReferenceProject_iOSUITests.a */; };
		DA51EF791D1BE9BB0063E3C0 /* Kannada.json in Resources */ = {isa = PBXBuildFile; fileRef = DA51EF781D1BE9BB0063E3C0 /* Kannada.json */; };
		DA51EF7B1D1BE9C90063E3C0 /* English.json in Resources */ = {isa = PBXBuildFile; fileRef = DA51EF7A1D1BE9C90063E3C0 /* English.json */; };
		DA51EF7D1D1BE9DC0063E3C0 /* Hindi.json in Resources */ = {isa = PBXBuildFile; fileRef = DA51EF7C1D1BE9DC0063E3C0 /* Hindi.json */; };
		DA51EF821D1C135B0063E3C0 /* OpenSans-ExtraBoldItalic.ttf in Resources */ = {isa = PBXBuildFile; fileRef = DA51EF801D1C13410063E3C0 /* OpenSans-ExtraBoldItalic.ttf */; };
		DA51EF831D1C135B0063E3C0 /* OpenSans.ttf in Resources */ = {isa = PBXBuildFile; fileRef = DA51EF811D1C13460063E3C0 /* OpenSans.ttf */; };
		DA9CDBDC1D1BB8EE008B7E86 /* ThemeViewController.m in Sources */ = {isa = PBXBuildFile; fileRef = DA9CDBDB1D1BB8EE008B7E86 /* ThemeViewController.m */; };
		DA9CDBDF1D1BB90A008B7E86 /* CustomFontViewController.m in Sources */ = {isa = PBXBuildFile; fileRef = DA9CDBDE1D1BB90A008B7E86 /* CustomFontViewController.m */; };
		DA9CDBE21D1BB927008B7E86 /* LocalizeViewController.m in Sources */ = {isa = PBXBuildFile; fileRef = DA9CDBE11D1BB927008B7E86 /* LocalizeViewController.m */; };
		FFFECC47D3FB9BC15006073B /* libPods-ReferenceProject_iOS.a in Frameworks */ = {isa = PBXBuildFile; fileRef = 105046BB3C2A6D7DA3CF95FA /* libPods-ReferenceProject_iOS.a */; };
/* End PBXBuildFile section */

/* Begin PBXContainerItemProxy section */
		096A63D91D1A9A4A00B08AFA /* PBXContainerItemProxy */ = {
			isa = PBXContainerItemProxy;
			containerPortal = 096A63B71D1A9A4A00B08AFA /* Project object */;
			proxyType = 1;
			remoteGlobalIDString = 096A63BE1D1A9A4A00B08AFA;
			remoteInfo = ReferenceProject_iOS;
		};
		096A63E41D1A9A4A00B08AFA /* PBXContainerItemProxy */ = {
			isa = PBXContainerItemProxy;
			containerPortal = 096A63B71D1A9A4A00B08AFA /* Project object */;
			proxyType = 1;
			remoteGlobalIDString = 096A63BE1D1A9A4A00B08AFA;
			remoteInfo = ReferenceProject_iOS;
		};
/* End PBXContainerItemProxy section */

/* Begin PBXFileReference section */
		045583C35889F442E0AFDB97 /* Pods-ReferenceProject_iOSUITests.debug.xcconfig */ = {isa = PBXFileReference; includeInIndex = 1; lastKnownFileType = text.xcconfig; name = "Pods-ReferenceProject_iOSUITests.debug.xcconfig"; path = "Pods/Target Support Files/Pods-ReferenceProject_iOSUITests/Pods-ReferenceProject_iOSUITests.debug.xcconfig"; sourceTree = "<group>"; };
		096A63BF1D1A9A4A00B08AFA /* ReferenceProject_iOS.app */ = {isa = PBXFileReference; explicitFileType = wrapper.application; includeInIndex = 0; path = ReferenceProject_iOS.app; sourceTree = BUILT_PRODUCTS_DIR; };
		096A63C31D1A9A4A00B08AFA /* main.m */ = {isa = PBXFileReference; lastKnownFileType = sourcecode.c.objc; path = main.m; sourceTree = "<group>"; };
		096A63C51D1A9A4A00B08AFA /* AppDelegate.h */ = {isa = PBXFileReference; lastKnownFileType = sourcecode.c.h; path = AppDelegate.h; sourceTree = "<group>"; };
		096A63C61D1A9A4A00B08AFA /* AppDelegate.m */ = {isa = PBXFileReference; lastKnownFileType = sourcecode.c.objc; path = AppDelegate.m; sourceTree = "<group>"; };
		096A63C81D1A9A4A00B08AFA /* ViewController.h */ = {isa = PBXFileReference; lastKnownFileType = sourcecode.c.h; path = ViewController.h; sourceTree = "<group>"; };
		096A63C91D1A9A4A00B08AFA /* ViewController.m */ = {isa = PBXFileReference; lastKnownFileType = sourcecode.c.objc; path = ViewController.m; sourceTree = "<group>"; };
		096A63CC1D1A9A4A00B08AFA /* Base */ = {isa = PBXFileReference; lastKnownFileType = file.storyboard; name = Base; path = Base.lproj/Main.storyboard; sourceTree = "<group>"; };
		096A63CE1D1A9A4A00B08AFA /* Assets.xcassets */ = {isa = PBXFileReference; lastKnownFileType = folder.assetcatalog; path = Assets.xcassets; sourceTree = "<group>"; };
		096A63D11D1A9A4A00B08AFA /* Base */ = {isa = PBXFileReference; lastKnownFileType = file.storyboard; name = Base; path = Base.lproj/LaunchScreen.storyboard; sourceTree = "<group>"; };
		096A63D81D1A9A4A00B08AFA /* ReferenceProject_iOSTests.xctest */ = {isa = PBXFileReference; explicitFileType = wrapper.cfbundle; includeInIndex = 0; path = ReferenceProject_iOSTests.xctest; sourceTree = BUILT_PRODUCTS_DIR; };
		096A63DC1D1A9A4A00B08AFA /* ReferenceProject_iOSTests.m */ = {isa = PBXFileReference; lastKnownFileType = sourcecode.c.objc; path = ReferenceProject_iOSTests.m; sourceTree = "<group>"; };
		096A63DE1D1A9A4A00B08AFA /* Info.plist */ = {isa = PBXFileReference; lastKnownFileType = text.plist.xml; path = Info.plist; sourceTree = "<group>"; };
		096A63E31D1A9A4A00B08AFA /* ReferenceProject_iOSUITests.xctest */ = {isa = PBXFileReference; explicitFileType = wrapper.cfbundle; includeInIndex = 0; path = ReferenceProject_iOSUITests.xctest; sourceTree = BUILT_PRODUCTS_DIR; };
		096A63E71D1A9A4A00B08AFA /* ReferenceProject_iOSUITests.m */ = {isa = PBXFileReference; lastKnownFileType = sourcecode.c.objc; path = ReferenceProject_iOSUITests.m; sourceTree = "<group>"; };
		096A63E91D1A9A4A00B08AFA /* Info.plist */ = {isa = PBXFileReference; lastKnownFileType = text.plist.xml; path = Info.plist; sourceTree = "<group>"; };
		096A63F51D1AA42E00B08AFA /* AuthentationViewController.h */ = {isa = PBXFileReference; fileEncoding = 4; lastKnownFileType = sourcecode.c.h; path = AuthentationViewController.h; sourceTree = "<group>"; };
		096A63F61D1AA42E00B08AFA /* AuthentationViewController.m */ = {isa = PBXFileReference; fileEncoding = 4; lastKnownFileType = sourcecode.c.objc; path = AuthentationViewController.m; sourceTree = "<group>"; };
		096B53A11D1BAE1500004D18 /* Constant.h */ = {isa = PBXFileReference; fileEncoding = 4; lastKnownFileType = sourcecode.c.h; path = Constant.h; sourceTree = "<group>"; };
		096B53A21D1BAE1500004D18 /* Constant.m */ = {isa = PBXFileReference; fileEncoding = 4; lastKnownFileType = sourcecode.c.objc; path = Constant.m; sourceTree = "<group>"; };
		096B53A71D1BAECB00004D18 /* SignUpViewController.h */ = {isa = PBXFileReference; fileEncoding = 4; lastKnownFileType = sourcecode.c.h; path = SignUpViewController.h; sourceTree = "<group>"; };
		096B53A81D1BAECB00004D18 /* SignUpViewController.m */ = {isa = PBXFileReference; fileEncoding = 4; lastKnownFileType = sourcecode.c.objc; path = SignUpViewController.m; sourceTree = "<group>"; };
		096B53AA1D1BB36200004D18 /* ChangePasswordViewController.h */ = {isa = PBXFileReference; fileEncoding = 4; lastKnownFileType = sourcecode.c.h; path = ChangePasswordViewController.h; sourceTree = "<group>"; };
		096B53AB1D1BB36200004D18 /* ChangePasswordViewController.m */ = {isa = PBXFileReference; fileEncoding = 4; lastKnownFileType = sourcecode.c.objc; path = ChangePasswordViewController.m; sourceTree = "<group>"; };
		096B53AD1D1BB38300004D18 /* ForgotPasswordViewController.h */ = {isa = PBXFileReference; fileEncoding = 4; lastKnownFileType = sourcecode.c.h; path = ForgotPasswordViewController.h; sourceTree = "<group>"; };
		096B53AE1D1BB38300004D18 /* ForgotPasswordViewController.m */ = {isa = PBXFileReference; fileEncoding = 4; lastKnownFileType = sourcecode.c.objc; path = ForgotPasswordViewController.m; sourceTree = "<group>"; };
		096B53B01D1BE1BF00004D18 /* ForgotPasswordView.h */ = {isa = PBXFileReference; fileEncoding = 4; lastKnownFileType = sourcecode.c.h; path = ForgotPasswordView.h; sourceTree = "<group>"; };
		096B53B11D1BE1BF00004D18 /* ForgotPasswordView.m */ = {isa = PBXFileReference; fileEncoding = 4; lastKnownFileType = sourcecode.c.objc; path = ForgotPasswordView.m; sourceTree = "<group>"; };
		096B53B21D1BE1BF00004D18 /* ForgotPasswordView.xib */ = {isa = PBXFileReference; fileEncoding = 4; lastKnownFileType = file.xib; path = ForgotPasswordView.xib; sourceTree = "<group>"; };
		096B53B51D1BECAE00004D18 /* Postman.h */ = {isa = PBXFileReference; fileEncoding = 4; lastKnownFileType = sourcecode.c.h; path = Postman.h; sourceTree = "<group>"; };
		096B53B61D1BECAE00004D18 /* Postman.m */ = {isa = PBXFileReference; fileEncoding = 4; lastKnownFileType = sourcecode.c.objc; path = Postman.m; sourceTree = "<group>"; };
		096B53BA1D1BEE9000004D18 /* Info.plist */ = {isa = PBXFileReference; fileEncoding = 4; lastKnownFileType = text.plist.xml; path = Info.plist; sourceTree = "<group>"; };
		105046BB3C2A6D7DA3CF95FA /* libPods-ReferenceProject_iOS.a */ = {isa = PBXFileReference; explicitFileType = archive.ar; includeInIndex = 0; path = "libPods-ReferenceProject_iOS.a"; sourceTree = BUILT_PRODUCTS_DIR; };
		3E529970401CD5B3F176A5B5 /* libPods-ReferenceProject_iOSUITests.a */ = {isa = PBXFileReference; explicitFileType = archive.ar; includeInIndex = 0; path = "libPods-ReferenceProject_iOSUITests.a"; sourceTree = BUILT_PRODUCTS_DIR; };
		6B25256DD37418DC9D7FB2A1 /* Pods-ReferenceProject_iOSTests.debug.xcconfig */ = {isa = PBXFileReference; includeInIndex = 1; lastKnownFileType = text.xcconfig; name = "Pods-ReferenceProject_iOSTests.debug.xcconfig"; path = "Pods/Target Support Files/Pods-ReferenceProject_iOSTests/Pods-ReferenceProject_iOSTests.debug.xcconfig"; sourceTree = "<group>"; };
		86B49ACC1D20F81200997AB9 /* GoogleService-Info (3).plist */ = {isa = PBXFileReference; fileEncoding = 4; lastKnownFileType = text.plist.xml; path = "GoogleService-Info (3).plist"; sourceTree = "<group>"; };
		86B49ACE1D20F93600997AB9 /* GoogleViewController.h */ = {isa = PBXFileReference; fileEncoding = 4; lastKnownFileType = sourcecode.c.h; path = GoogleViewController.h; sourceTree = "<group>"; };
		86B49ACF1D20F93600997AB9 /* GoogleViewController.m */ = {isa = PBXFileReference; fileEncoding = 4; lastKnownFileType = sourcecode.c.objc; path = GoogleViewController.m; sourceTree = "<group>"; };
		86CED1C61D1D0ACD0012A41D /* FacebookViewController.h */ = {isa = PBXFileReference; fileEncoding = 4; lastKnownFileType = sourcecode.c.h; path = FacebookViewController.h; sourceTree = "<group>"; };
		86CED1C71D1D0ACD0012A41D /* FacebookViewController.m */ = {isa = PBXFileReference; fileEncoding = 4; lastKnownFileType = sourcecode.c.objc; path = FacebookViewController.m; sourceTree = "<group>"; };
		86CED1C91D1D0BC30012A41D /* FBSDKCoreKit.framework */ = {isa = PBXFileReference; lastKnownFileType = wrapper.framework; path = FBSDKCoreKit.framework; sourceTree = "<group>"; };
		86CED1CA1D1D0BC30012A41D /* FBSDKLoginKit.framework */ = {isa = PBXFileReference; lastKnownFileType = wrapper.framework; path = FBSDKLoginKit.framework; sourceTree = "<group>"; };
		86CED1CB1D1D0BC30012A41D /* FBSDKMessengerShareKit.framework */ = {isa = PBXFileReference; lastKnownFileType = wrapper.framework; path = FBSDKMessengerShareKit.framework; sourceTree = "<group>"; };
		86CED1CC1D1D0BC30012A41D /* FBSDKShareKit.framework */ = {isa = PBXFileReference; lastKnownFileType = wrapper.framework; path = FBSDKShareKit.framework; sourceTree = "<group>"; };
		A19EC541F2E68C0B130D09A6 /* Pods-ReferenceProject_iOSUITests.release.xcconfig */ = {isa = PBXFileReference; includeInIndex = 1; lastKnownFileType = text.xcconfig; name = "Pods-ReferenceProject_iOSUITests.release.xcconfig"; path = "Pods/Target Support Files/Pods-ReferenceProject_iOSUITests/Pods-ReferenceProject_iOSUITests.release.xcconfig"; sourceTree = "<group>"; };
		B808E380C7682FD87B14FCA5 /* libPods-ReferenceProject_iOSTests.a */ = {isa = PBXFileReference; explicitFileType = archive.ar; includeInIndex = 0; path = "libPods-ReferenceProject_iOSTests.a"; sourceTree = BUILT_PRODUCTS_DIR; };
		D08B09BB6E2AF5EC7A553E19 /* Pods-ReferenceProject_iOS.release.xcconfig */ = {isa = PBXFileReference; includeInIndex = 1; lastKnownFileType = text.xcconfig; name = "Pods-ReferenceProject_iOS.release.xcconfig"; path = "Pods/Target Support Files/Pods-ReferenceProject_iOS/Pods-ReferenceProject_iOS.release.xcconfig"; sourceTree = "<group>"; };
		DA51EF781D1BE9BB0063E3C0 /* Kannada.json */ = {isa = PBXFileReference; fileEncoding = 4; lastKnownFileType = text.json; path = Kannada.json; sourceTree = "<group>"; };
		DA51EF7A1D1BE9C90063E3C0 /* English.json */ = {isa = PBXFileReference; fileEncoding = 4; lastKnownFileType = text.json; path = English.json; sourceTree = "<group>"; };
		DA51EF7C1D1BE9DC0063E3C0 /* Hindi.json */ = {isa = PBXFileReference; fileEncoding = 4; lastKnownFileType = text.json; path = Hindi.json; sourceTree = "<group>"; };
		DA51EF801D1C13410063E3C0 /* OpenSans-ExtraBoldItalic.ttf */ = {isa = PBXFileReference; lastKnownFileType = file; path = "OpenSans-ExtraBoldItalic.ttf"; sourceTree = SOURCE_ROOT; };
		DA51EF811D1C13460063E3C0 /* OpenSans.ttf */ = {isa = PBXFileReference; lastKnownFileType = file; path = OpenSans.ttf; sourceTree = SOURCE_ROOT; };
		DA9CDBDA1D1BB8EE008B7E86 /* ThemeViewController.h */ = {isa = PBXFileReference; fileEncoding = 4; lastKnownFileType = sourcecode.c.h; name = ThemeViewController.h; path = ../ThemeViewController.h; sourceTree = "<group>"; };
		DA9CDBDB1D1BB8EE008B7E86 /* ThemeViewController.m */ = {isa = PBXFileReference; fileEncoding = 4; lastKnownFileType = sourcecode.c.objc; name = ThemeViewController.m; path = ../ThemeViewController.m; sourceTree = "<group>"; };
		DA9CDBDD1D1BB90A008B7E86 /* CustomFontViewController.h */ = {isa = PBXFileReference; fileEncoding = 4; lastKnownFileType = sourcecode.c.h; path = CustomFontViewController.h; sourceTree = "<group>"; };
		DA9CDBDE1D1BB90A008B7E86 /* CustomFontViewController.m */ = {isa = PBXFileReference; fileEncoding = 4; lastKnownFileType = sourcecode.c.objc; path = CustomFontViewController.m; sourceTree = "<group>"; };
		DA9CDBE01D1BB927008B7E86 /* LocalizeViewController.h */ = {isa = PBXFileReference; fileEncoding = 4; lastKnownFileType = sourcecode.c.h; path = LocalizeViewController.h; sourceTree = "<group>"; };
		DA9CDBE11D1BB927008B7E86 /* LocalizeViewController.m */ = {isa = PBXFileReference; fileEncoding = 4; lastKnownFileType = sourcecode.c.objc; path = LocalizeViewController.m; sourceTree = "<group>"; };
		E649A8CD7F2762CB0CBF0885 /* Pods-ReferenceProject_iOSTests.release.xcconfig */ = {isa = PBXFileReference; includeInIndex = 1; lastKnownFileType = text.xcconfig; name = "Pods-ReferenceProject_iOSTests.release.xcconfig"; path = "Pods/Target Support Files/Pods-ReferenceProject_iOSTests/Pods-ReferenceProject_iOSTests.release.xcconfig"; sourceTree = "<group>"; };
		ED946E4079537E97BCE88559 /* Pods-ReferenceProject_iOS.debug.xcconfig */ = {isa = PBXFileReference; includeInIndex = 1; lastKnownFileType = text.xcconfig; name = "Pods-ReferenceProject_iOS.debug.xcconfig"; path = "Pods/Target Support Files/Pods-ReferenceProject_iOS/Pods-ReferenceProject_iOS.debug.xcconfig"; sourceTree = "<group>"; };
/* End PBXFileReference section */

/* Begin PBXFrameworksBuildPhase section */
		096A63BC1D1A9A4A00B08AFA /* Frameworks */ = {
			isa = PBXFrameworksBuildPhase;
			buildActionMask = 2147483647;
			files = (
				86CED1CF1D1D0BC30012A41D /* FBSDKMessengerShareKit.framework in Frameworks */,
				86CED1D01D1D0BC30012A41D /* FBSDKShareKit.framework in Frameworks */,
				86CED1CD1D1D0BC30012A41D /* FBSDKCoreKit.framework in Frameworks */,
				86CED1CE1D1D0BC30012A41D /* FBSDKLoginKit.framework in Frameworks */,
				FFFECC47D3FB9BC15006073B /* libPods-ReferenceProject_iOS.a in Frameworks */,
			);
			runOnlyForDeploymentPostprocessing = 0;
		};
		096A63D51D1A9A4A00B08AFA /* Frameworks */ = {
			isa = PBXFrameworksBuildPhase;
			buildActionMask = 2147483647;
			files = (
				093EC5C0338FC27206DB14A3 /* libPods-ReferenceProject_iOSTests.a in Frameworks */,
			);
			runOnlyForDeploymentPostprocessing = 0;
		};
		096A63E01D1A9A4A00B08AFA /* Frameworks */ = {
			isa = PBXFrameworksBuildPhase;
			buildActionMask = 2147483647;
			files = (
				9DC9D744197D4DFE83DF07EE /* libPods-ReferenceProject_iOSUITests.a in Frameworks */,
			);
			runOnlyForDeploymentPostprocessing = 0;
		};
/* End PBXFrameworksBuildPhase section */

/* Begin PBXGroup section */
		096A63B61D1A9A4A00B08AFA = {
			isa = PBXGroup;
			children = (
				096A63C11D1A9A4A00B08AFA /* ReferenceProject_iOS */,
				096A63DB1D1A9A4A00B08AFA /* ReferenceProject_iOSTests */,
				096A63E61D1A9A4A00B08AFA /* ReferenceProject_iOSUITests */,
				096A63C01D1A9A4A00B08AFA /* Products */,
				7FD96A89FFB47E550E40C304 /* Pods */,
				90A12FA8418B521A466018FE /* Frameworks */,
			);
			sourceTree = "<group>";
		};
		096A63C01D1A9A4A00B08AFA /* Products */ = {
			isa = PBXGroup;
			children = (
				096A63BF1D1A9A4A00B08AFA /* ReferenceProject_iOS.app */,
				096A63D81D1A9A4A00B08AFA /* ReferenceProject_iOSTests.xctest */,
				096A63E31D1A9A4A00B08AFA /* ReferenceProject_iOSUITests.xctest */,
			);
			name = Products;
			sourceTree = "<group>";
		};
		096A63C11D1A9A4A00B08AFA /* ReferenceProject_iOS */ = {
			isa = PBXGroup;
			children = (
				86CED1C91D1D0BC30012A41D /* FBSDKCoreKit.framework */,
				86CED1CA1D1D0BC30012A41D /* FBSDKLoginKit.framework */,
				86CED1CB1D1D0BC30012A41D /* FBSDKMessengerShareKit.framework */,
				86CED1CC1D1D0BC30012A41D /* FBSDKShareKit.framework */,
				096A63C51D1A9A4A00B08AFA /* AppDelegate.h */,
				096A63C61D1A9A4A00B08AFA /* AppDelegate.m */,
				86CED1C61D1D0ACD0012A41D /* FacebookViewController.h */,
				86CED1C71D1D0ACD0012A41D /* FacebookViewController.m */,
				86B49ACE1D20F93600997AB9 /* GoogleViewController.h */,
				86B49ACF1D20F93600997AB9 /* GoogleViewController.m */,
				DA9CDBE71D1BBB97008B7E86 /* MainViewController */,
				DA9CDBE91D1BBBBF008B7E86 /* Authentication */,
				DA9CDBE81D1BBBAD008B7E86 /* SignUp */,
				DA9CDBEA1D1BBBCD008B7E86 /* ChangePassword */,
				DA9CDBEB1D1BBBD9008B7E86 /* ForgotPassword */,
				DA9CDBE61D1BBB72008B7E86 /* PostmanAndConstant */,
				DA9CDBE51D1BBB5E008B7E86 /* ThemeChange */,
				DA9CDBE31D1BBAF7008B7E86 /* CustomFont */,
				DA9CDBE41D1BBB06008B7E86 /* Localization */,
				096A63CB1D1A9A4A00B08AFA /* Main.storyboard */,
				096A63CE1D1A9A4A00B08AFA /* Assets.xcassets */,
				096A63D01D1A9A4A00B08AFA /* LaunchScreen.storyboard */,
				096B53BA1D1BEE9000004D18 /* Info.plist */,
				86B49ACC1D20F81200997AB9 /* GoogleService-Info (3).plist */,
				096A63C21D1A9A4A00B08AFA /* Supporting Files */,
			);
			path = ReferenceProject_iOS;
			sourceTree = "<group>";
		};
		096A63C21D1A9A4A00B08AFA /* Supporting Files */ = {
			isa = PBXGroup;
			children = (
				096A63C31D1A9A4A00B08AFA /* main.m */,
			);
			name = "Supporting Files";
			sourceTree = "<group>";
		};
		096A63DB1D1A9A4A00B08AFA /* ReferenceProject_iOSTests */ = {
			isa = PBXGroup;
			children = (
				096A63DC1D1A9A4A00B08AFA /* ReferenceProject_iOSTests.m */,
				096A63DE1D1A9A4A00B08AFA /* Info.plist */,
			);
			path = ReferenceProject_iOSTests;
			sourceTree = "<group>";
		};
		096A63E61D1A9A4A00B08AFA /* ReferenceProject_iOSUITests */ = {
			isa = PBXGroup;
			children = (
				096A63E71D1A9A4A00B08AFA /* ReferenceProject_iOSUITests.m */,
				096A63E91D1A9A4A00B08AFA /* Info.plist */,
			);
			path = ReferenceProject_iOSUITests;
			sourceTree = "<group>";
		};
		7FD96A89FFB47E550E40C304 /* Pods */ = {
			isa = PBXGroup;
			children = (
				ED946E4079537E97BCE88559 /* Pods-ReferenceProject_iOS.debug.xcconfig */,
				D08B09BB6E2AF5EC7A553E19 /* Pods-ReferenceProject_iOS.release.xcconfig */,
				6B25256DD37418DC9D7FB2A1 /* Pods-ReferenceProject_iOSTests.debug.xcconfig */,
				E649A8CD7F2762CB0CBF0885 /* Pods-ReferenceProject_iOSTests.release.xcconfig */,
				045583C35889F442E0AFDB97 /* Pods-ReferenceProject_iOSUITests.debug.xcconfig */,
				A19EC541F2E68C0B130D09A6 /* Pods-ReferenceProject_iOSUITests.release.xcconfig */,
			);
			name = Pods;
			sourceTree = "<group>";
		};
		90A12FA8418B521A466018FE /* Frameworks */ = {
			isa = PBXGroup;
			children = (
				105046BB3C2A6D7DA3CF95FA /* libPods-ReferenceProject_iOS.a */,
				B808E380C7682FD87B14FCA5 /* libPods-ReferenceProject_iOSTests.a */,
				3E529970401CD5B3F176A5B5 /* libPods-ReferenceProject_iOSUITests.a */,
			);
			name = Frameworks;
			sourceTree = "<group>";
		};
		DA9CDBE31D1BBAF7008B7E86 /* CustomFont */ = {
			isa = PBXGroup;
			children = (
				DA9CDBDD1D1BB90A008B7E86 /* CustomFontViewController.h */,
				DA9CDBDE1D1BB90A008B7E86 /* CustomFontViewController.m */,
				DA51EF801D1C13410063E3C0 /* OpenSans-ExtraBoldItalic.ttf */,
				DA51EF811D1C13460063E3C0 /* OpenSans.ttf */,
			);
			name = CustomFont;
			sourceTree = "<group>";
		};
		DA9CDBE41D1BBB06008B7E86 /* Localization */ = {
			isa = PBXGroup;
			children = (
				DA9CDBE01D1BB927008B7E86 /* LocalizeViewController.h */,
				DA9CDBE11D1BB927008B7E86 /* LocalizeViewController.m */,
				DA51EF781D1BE9BB0063E3C0 /* Kannada.json */,
				DA51EF7A1D1BE9C90063E3C0 /* English.json */,
				DA51EF7C1D1BE9DC0063E3C0 /* Hindi.json */,
			);
			name = Localization;
			sourceTree = "<group>";
		};
		DA9CDBE51D1BBB5E008B7E86 /* ThemeChange */ = {
			isa = PBXGroup;
			children = (
				DA9CDBDA1D1BB8EE008B7E86 /* ThemeViewController.h */,
				DA9CDBDB1D1BB8EE008B7E86 /* ThemeViewController.m */,
			);
			name = ThemeChange;
			sourceTree = "<group>";
		};
		DA9CDBE61D1BBB72008B7E86 /* PostmanAndConstant */ = {
			isa = PBXGroup;
			children = (
				096B53B51D1BECAE00004D18 /* Postman.h */,
				096B53B61D1BECAE00004D18 /* Postman.m */,
				096B53A11D1BAE1500004D18 /* Constant.h */,
				096B53A21D1BAE1500004D18 /* Constant.m */,
			);
			name = PostmanAndConstant;
			sourceTree = "<group>";
		};
		DA9CDBE71D1BBB97008B7E86 /* MainViewController */ = {
			isa = PBXGroup;
			children = (
				096A63C81D1A9A4A00B08AFA /* ViewController.h */,
				096A63C91D1A9A4A00B08AFA /* ViewController.m */,
			);
			name = MainViewController;
			sourceTree = "<group>";
		};
		DA9CDBE81D1BBBAD008B7E86 /* SignUp */ = {
			isa = PBXGroup;
			children = (
				096B53A71D1BAECB00004D18 /* SignUpViewController.h */,
				096B53A81D1BAECB00004D18 /* SignUpViewController.m */,
			);
			name = SignUp;
			sourceTree = "<group>";
		};
		DA9CDBE91D1BBBBF008B7E86 /* Authentication */ = {
			isa = PBXGroup;
			children = (
				096A63F51D1AA42E00B08AFA /* AuthentationViewController.h */,
				096A63F61D1AA42E00B08AFA /* AuthentationViewController.m */,
			);
			name = Authentication;
			sourceTree = "<group>";
		};
		DA9CDBEA1D1BBBCD008B7E86 /* ChangePassword */ = {
			isa = PBXGroup;
			children = (
				096B53AA1D1BB36200004D18 /* ChangePasswordViewController.h */,
				096B53AB1D1BB36200004D18 /* ChangePasswordViewController.m */,
			);
			name = ChangePassword;
			sourceTree = "<group>";
		};
		DA9CDBEB1D1BBBD9008B7E86 /* ForgotPassword */ = {
			isa = PBXGroup;
			children = (
				096B53AD1D1BB38300004D18 /* ForgotPasswordViewController.h */,
				096B53AE1D1BB38300004D18 /* ForgotPasswordViewController.m */,
				096B53B01D1BE1BF00004D18 /* ForgotPasswordView.h */,
				096B53B11D1BE1BF00004D18 /* ForgotPasswordView.m */,
				096B53B21D1BE1BF00004D18 /* ForgotPasswordView.xib */,
			);
			name = ForgotPassword;
			sourceTree = "<group>";
		};
/* End PBXGroup section */

/* Begin PBXNativeTarget section */
		096A63BE1D1A9A4A00B08AFA /* ReferenceProject_iOS */ = {
			isa = PBXNativeTarget;
			buildConfigurationList = 096A63EC1D1A9A4A00B08AFA /* Build configuration list for PBXNativeTarget "ReferenceProject_iOS" */;
			buildPhases = (
				63E6E2DF8E6B32E911A32B3C /* [CP] Check Pods Manifest.lock */,
				096A63BB1D1A9A4A00B08AFA /* Sources */,
				096A63BC1D1A9A4A00B08AFA /* Frameworks */,
				096A63BD1D1A9A4A00B08AFA /* Resources */,
				06FE15B89C3893753B85575A /* [CP] Embed Pods Frameworks */,
				305161CE3FC3229222BA0F98 /* [CP] Copy Pods Resources */,
			);
			buildRules = (
			);
			dependencies = (
			);
			name = ReferenceProject_iOS;
			productName = ReferenceProject_iOS;
			productReference = 096A63BF1D1A9A4A00B08AFA /* ReferenceProject_iOS.app */;
			productType = "com.apple.product-type.application";
		};
		096A63D71D1A9A4A00B08AFA /* ReferenceProject_iOSTests */ = {
			isa = PBXNativeTarget;
			buildConfigurationList = 096A63EF1D1A9A4A00B08AFA /* Build configuration list for PBXNativeTarget "ReferenceProject_iOSTests" */;
			buildPhases = (
				2E930CBCAA691CE73EFB4F00 /* [CP] Check Pods Manifest.lock */,
				096A63D41D1A9A4A00B08AFA /* Sources */,
				096A63D51D1A9A4A00B08AFA /* Frameworks */,
				096A63D61D1A9A4A00B08AFA /* Resources */,
				E1D106256D591CB514F9AEA4 /* [CP] Embed Pods Frameworks */,
				42D15553EAF50EE85DC86A4C /* [CP] Copy Pods Resources */,
			);
			buildRules = (
			);
			dependencies = (
				096A63DA1D1A9A4A00B08AFA /* PBXTargetDependency */,
			);
			name = ReferenceProject_iOSTests;
			productName = ReferenceProject_iOSTests;
			productReference = 096A63D81D1A9A4A00B08AFA /* ReferenceProject_iOSTests.xctest */;
			productType = "com.apple.product-type.bundle.unit-test";
		};
		096A63E21D1A9A4A00B08AFA /* ReferenceProject_iOSUITests */ = {
			isa = PBXNativeTarget;
			buildConfigurationList = 096A63F21D1A9A4A00B08AFA /* Build configuration list for PBXNativeTarget "ReferenceProject_iOSUITests" */;
			buildPhases = (
				7306A379DA7DCAB20F47E8A2 /* [CP] Check Pods Manifest.lock */,
				096A63DF1D1A9A4A00B08AFA /* Sources */,
				096A63E01D1A9A4A00B08AFA /* Frameworks */,
				096A63E11D1A9A4A00B08AFA /* Resources */,
				A5D08CBB3DCC951E28A251B5 /* [CP] Copy Pods Resources */,
			);
			buildRules = (
			);
			dependencies = (
				096A63E51D1A9A4A00B08AFA /* PBXTargetDependency */,
			);
			name = ReferenceProject_iOSUITests;
			productName = ReferenceProject_iOSUITests;
			productReference = 096A63E31D1A9A4A00B08AFA /* ReferenceProject_iOSUITests.xctest */;
			productType = "com.apple.product-type.bundle.ui-testing";
		};
/* End PBXNativeTarget section */

/* Begin PBXProject section */
		096A63B71D1A9A4A00B08AFA /* Project object */ = {
			isa = PBXProject;
			attributes = {
				LastUpgradeCheck = 0730;
				ORGANIZATIONNAME = vmoksha;
				TargetAttributes = {
					096A63BE1D1A9A4A00B08AFA = {
						CreatedOnToolsVersion = 7.3.1;
					};
					096A63D71D1A9A4A00B08AFA = {
						CreatedOnToolsVersion = 7.3.1;
						TestTargetID = 096A63BE1D1A9A4A00B08AFA;
					};
					096A63E21D1A9A4A00B08AFA = {
						CreatedOnToolsVersion = 7.3.1;
						TestTargetID = 096A63BE1D1A9A4A00B08AFA;
					};
				};
			};
			buildConfigurationList = 096A63BA1D1A9A4A00B08AFA /* Build configuration list for PBXProject "ReferenceProject_iOS" */;
			compatibilityVersion = "Xcode 3.2";
			developmentRegion = English;
			hasScannedForEncodings = 0;
			knownRegions = (
				en,
				Base,
			);
			mainGroup = 096A63B61D1A9A4A00B08AFA;
			productRefGroup = 096A63C01D1A9A4A00B08AFA /* Products */;
			projectDirPath = "";
			projectRoot = "";
			targets = (
				096A63BE1D1A9A4A00B08AFA /* ReferenceProject_iOS */,
				096A63D71D1A9A4A00B08AFA /* ReferenceProject_iOSTests */,
				096A63E21D1A9A4A00B08AFA /* ReferenceProject_iOSUITests */,
			);
		};
/* End PBXProject section */

/* Begin PBXResourcesBuildPhase section */
		096A63BD1D1A9A4A00B08AFA /* Resources */ = {
			isa = PBXResourcesBuildPhase;
			buildActionMask = 2147483647;
			files = (
				DA51EF821D1C135B0063E3C0 /* OpenSans-ExtraBoldItalic.ttf in Resources */,
				86B49ACD1D20F81200997AB9 /* GoogleService-Info (3).plist in Resources */,
				DA51EF831D1C135B0063E3C0 /* OpenSans.ttf in Resources */,
				DA51EF791D1BE9BB0063E3C0 /* Kannada.json in Resources */,
				096A63D21D1A9A4A00B08AFA /* LaunchScreen.storyboard in Resources */,
				096A63CF1D1A9A4A00B08AFA /* Assets.xcassets in Resources */,
				096B53B41D1BE1BF00004D18 /* ForgotPasswordView.xib in Resources */,
				096B53BB1D1BEE9000004D18 /* Info.plist in Resources */,
				096A63CD1D1A9A4A00B08AFA /* Main.storyboard in Resources */,
				DA51EF7D1D1BE9DC0063E3C0 /* Hindi.json in Resources */,
				DA51EF7B1D1BE9C90063E3C0 /* English.json in Resources */,
			);
			runOnlyForDeploymentPostprocessing = 0;
		};
		096A63D61D1A9A4A00B08AFA /* Resources */ = {
			isa = PBXResourcesBuildPhase;
			buildActionMask = 2147483647;
			files = (
			);
			runOnlyForDeploymentPostprocessing = 0;
		};
		096A63E11D1A9A4A00B08AFA /* Resources */ = {
			isa = PBXResourcesBuildPhase;
			buildActionMask = 2147483647;
			files = (
			);
			runOnlyForDeploymentPostprocessing = 0;
		};
/* End PBXResourcesBuildPhase section */

/* Begin PBXShellScriptBuildPhase section */
		06FE15B89C3893753B85575A /* [CP] Embed Pods Frameworks */ = {
			isa = PBXShellScriptBuildPhase;
			buildActionMask = 2147483647;
			files = (
			);
			inputPaths = (
			);
			name = "[CP] Embed Pods Frameworks";
			outputPaths = (
			);
			runOnlyForDeploymentPostprocessing = 0;
			shellPath = /bin/sh;
			shellScript = "\"${SRCROOT}/Pods/Target Support Files/Pods-ReferenceProject_iOS/Pods-ReferenceProject_iOS-frameworks.sh\"\n";
			showEnvVarsInLog = 0;
		};
		2E930CBCAA691CE73EFB4F00 /* [CP] Check Pods Manifest.lock */ = {
			isa = PBXShellScriptBuildPhase;
			buildActionMask = 2147483647;
			files = (
			);
			inputPaths = (
			);
			name = "[CP] Check Pods Manifest.lock";
			outputPaths = (
			);
			runOnlyForDeploymentPostprocessing = 0;
			shellPath = /bin/sh;
			shellScript = "diff \"${PODS_ROOT}/../Podfile.lock\" \"${PODS_ROOT}/Manifest.lock\" > /dev/null\nif [[ $? != 0 ]] ; then\n    cat << EOM\nerror: The sandbox is not in sync with the Podfile.lock. Run 'pod install' or update your CocoaPods installation.\nEOM\n    exit 1\nfi\n";
			showEnvVarsInLog = 0;
		};
		305161CE3FC3229222BA0F98 /* [CP] Copy Pods Resources */ = {
			isa = PBXShellScriptBuildPhase;
			buildActionMask = 2147483647;
			files = (
			);
			inputPaths = (
			);
			name = "[CP] Copy Pods Resources";
			outputPaths = (
			);
			runOnlyForDeploymentPostprocessing = 0;
			shellPath = /bin/sh;
			shellScript = "\"${SRCROOT}/Pods/Target Support Files/Pods-ReferenceProject_iOS/Pods-ReferenceProject_iOS-resources.sh\"\n";
			showEnvVarsInLog = 0;
		};
		42D15553EAF50EE85DC86A4C /* [CP] Copy Pods Resources */ = {
			isa = PBXShellScriptBuildPhase;
			buildActionMask = 2147483647;
			files = (
			);
			inputPaths = (
			);
			name = "[CP] Copy Pods Resources";
			outputPaths = (
			);
			runOnlyForDeploymentPostprocessing = 0;
			shellPath = /bin/sh;
			shellScript = "\"${SRCROOT}/Pods/Target Support Files/Pods-ReferenceProject_iOSTests/Pods-ReferenceProject_iOSTests-resources.sh\"\n";
			showEnvVarsInLog = 0;
		};
		63E6E2DF8E6B32E911A32B3C /* [CP] Check Pods Manifest.lock */ = {
			isa = PBXShellScriptBuildPhase;
			buildActionMask = 2147483647;
			files = (
			);
			inputPaths = (
			);
			name = "[CP] Check Pods Manifest.lock";
			outputPaths = (
			);
			runOnlyForDeploymentPostprocessing = 0;
			shellPath = /bin/sh;
			shellScript = "diff \"${PODS_ROOT}/../Podfile.lock\" \"${PODS_ROOT}/Manifest.lock\" > /dev/null\nif [[ $? != 0 ]] ; then\n    cat << EOM\nerror: The sandbox is not in sync with the Podfile.lock. Run 'pod install' or update your CocoaPods installation.\nEOM\n    exit 1\nfi\n";
			showEnvVarsInLog = 0;
		};
		7306A379DA7DCAB20F47E8A2 /* [CP] Check Pods Manifest.lock */ = {
			isa = PBXShellScriptBuildPhase;
			buildActionMask = 2147483647;
			files = (
			);
			inputPaths = (
			);
			name = "[CP] Check Pods Manifest.lock";
			outputPaths = (
			);
			runOnlyForDeploymentPostprocessing = 0;
			shellPath = /bin/sh;
			shellScript = "diff \"${PODS_ROOT}/../Podfile.lock\" \"${PODS_ROOT}/Manifest.lock\" > /dev/null\nif [[ $? != 0 ]] ; then\n    cat << EOM\nerror: The sandbox is not in sync with the Podfile.lock. Run 'pod install' or update your CocoaPods installation.\nEOM\n    exit 1\nfi\n";
			showEnvVarsInLog = 0;
		};
		A5D08CBB3DCC951E28A251B5 /* [CP] Copy Pods Resources */ = {
			isa = PBXShellScriptBuildPhase;
			buildActionMask = 2147483647;
			files = (
			);
			inputPaths = (
			);
			name = "[CP] Copy Pods Resources";
			outputPaths = (
			);
			runOnlyForDeploymentPostprocessing = 0;
			shellPath = /bin/sh;
			shellScript = "\"${SRCROOT}/Pods/Target Support Files/Pods-ReferenceProject_iOSUITests/Pods-ReferenceProject_iOSUITests-resources.sh\"\n";
			showEnvVarsInLog = 0;
		};
		E1D106256D591CB514F9AEA4 /* [CP] Embed Pods Frameworks */ = {
			isa = PBXShellScriptBuildPhase;
			buildActionMask = 2147483647;
			files = (
			);
			inputPaths = (
			);
			name = "[CP] Embed Pods Frameworks";
			outputPaths = (
			);
			runOnlyForDeploymentPostprocessing = 0;
			shellPath = /bin/sh;
			shellScript = "\"${SRCROOT}/Pods/Target Support Files/Pods-ReferenceProject_iOSTests/Pods-ReferenceProject_iOSTests-frameworks.sh\"\n";
			showEnvVarsInLog = 0;
		};
/* End PBXShellScriptBuildPhase section */

/* Begin PBXSourcesBuildPhase section */
		096A63BB1D1A9A4A00B08AFA /* Sources */ = {
			isa = PBXSourcesBuildPhase;
			buildActionMask = 2147483647;
			files = (
				86B49AD01D20F93600997AB9 /* GoogleViewController.m in Sources */,
				DA9CDBDF1D1BB90A008B7E86 /* CustomFontViewController.m in Sources */,
				096B53AC1D1BB36200004D18 /* ChangePasswordViewController.m in Sources */,
				86CED1C81D1D0ACD0012A41D /* FacebookViewController.m in Sources */,
				DA9CDBDC1D1BB8EE008B7E86 /* ThemeViewController.m in Sources */,
				096A63CA1D1A9A4A00B08AFA /* ViewController.m in Sources */,
				096B53B31D1BE1BF00004D18 /* ForgotPasswordView.m in Sources */,
				096A63C71D1A9A4A00B08AFA /* AppDelegate.m in Sources */,
				096A63F71D1AA42E00B08AFA /* AuthentationViewController.m in Sources */,
				096B53A51D1BAE1500004D18 /* Constant.m in Sources */,
				096B53AF1D1BB38300004D18 /* ForgotPasswordViewController.m in Sources */,
				DA9CDBE21D1BB927008B7E86 /* LocalizeViewController.m in Sources */,
				096B53A91D1BAECB00004D18 /* SignUpViewController.m in Sources */,
				096A63C41D1A9A4A00B08AFA /* main.m in Sources */,
				096B53B71D1BECAE00004D18 /* Postman.m in Sources */,
			);
			runOnlyForDeploymentPostprocessing = 0;
		};
		096A63D41D1A9A4A00B08AFA /* Sources */ = {
			isa = PBXSourcesBuildPhase;
			buildActionMask = 2147483647;
			files = (
				096A63DD1D1A9A4A00B08AFA /* ReferenceProject_iOSTests.m in Sources */,
			);
			runOnlyForDeploymentPostprocessing = 0;
		};
		096A63DF1D1A9A4A00B08AFA /* Sources */ = {
			isa = PBXSourcesBuildPhase;
			buildActionMask = 2147483647;
			files = (
				096A63E81D1A9A4A00B08AFA /* ReferenceProject_iOSUITests.m in Sources */,
			);
			runOnlyForDeploymentPostprocessing = 0;
		};
/* End PBXSourcesBuildPhase section */

/* Begin PBXTargetDependency section */
		096A63DA1D1A9A4A00B08AFA /* PBXTargetDependency */ = {
			isa = PBXTargetDependency;
			target = 096A63BE1D1A9A4A00B08AFA /* ReferenceProject_iOS */;
			targetProxy = 096A63D91D1A9A4A00B08AFA /* PBXContainerItemProxy */;
		};
		096A63E51D1A9A4A00B08AFA /* PBXTargetDependency */ = {
			isa = PBXTargetDependency;
			target = 096A63BE1D1A9A4A00B08AFA /* ReferenceProject_iOS */;
			targetProxy = 096A63E41D1A9A4A00B08AFA /* PBXContainerItemProxy */;
		};
/* End PBXTargetDependency section */

/* Begin PBXVariantGroup section */
		096A63CB1D1A9A4A00B08AFA /* Main.storyboard */ = {
			isa = PBXVariantGroup;
			children = (
				096A63CC1D1A9A4A00B08AFA /* Base */,
			);
			name = Main.storyboard;
			sourceTree = "<group>";
		};
		096A63D01D1A9A4A00B08AFA /* LaunchScreen.storyboard */ = {
			isa = PBXVariantGroup;
			children = (
				096A63D11D1A9A4A00B08AFA /* Base */,
			);
			name = LaunchScreen.storyboard;
			sourceTree = "<group>";
		};
/* End PBXVariantGroup section */

/* Begin XCBuildConfiguration section */
		096A63EA1D1A9A4A00B08AFA /* Debug */ = {
			isa = XCBuildConfiguration;
			buildSettings = {
				ALWAYS_SEARCH_USER_PATHS = NO;
				CLANG_ANALYZER_NONNULL = YES;
				CLANG_CXX_LANGUAGE_STANDARD = "gnu++0x";
				CLANG_CXX_LIBRARY = "libc++";
				CLANG_ENABLE_MODULES = YES;
				CLANG_ENABLE_OBJC_ARC = YES;
				CLANG_WARN_BOOL_CONVERSION = YES;
				CLANG_WARN_CONSTANT_CONVERSION = YES;
				CLANG_WARN_DIRECT_OBJC_ISA_USAGE = YES_ERROR;
				CLANG_WARN_EMPTY_BODY = YES;
				CLANG_WARN_ENUM_CONVERSION = YES;
				CLANG_WARN_INT_CONVERSION = YES;
				CLANG_WARN_OBJC_ROOT_CLASS = YES_ERROR;
				CLANG_WARN_UNREACHABLE_CODE = YES;
				CLANG_WARN__DUPLICATE_METHOD_MATCH = YES;
				"CODE_SIGN_IDENTITY[sdk=iphoneos*]" = "iPhone Developer";
				COPY_PHASE_STRIP = NO;
				DEBUG_INFORMATION_FORMAT = dwarf;
				ENABLE_STRICT_OBJC_MSGSEND = YES;
				ENABLE_TESTABILITY = YES;
				GCC_C_LANGUAGE_STANDARD = gnu99;
				GCC_DYNAMIC_NO_PIC = NO;
				GCC_NO_COMMON_BLOCKS = YES;
				GCC_OPTIMIZATION_LEVEL = 0;
				GCC_PREPROCESSOR_DEFINITIONS = (
					"DEBUG=1",
					"$(inherited)",
				);
				GCC_WARN_64_TO_32_BIT_CONVERSION = YES;
				GCC_WARN_ABOUT_RETURN_TYPE = YES_ERROR;
				GCC_WARN_UNDECLARED_SELECTOR = YES;
				GCC_WARN_UNINITIALIZED_AUTOS = YES_AGGRESSIVE;
				GCC_WARN_UNUSED_FUNCTION = YES;
				GCC_WARN_UNUSED_VARIABLE = YES;
				IPHONEOS_DEPLOYMENT_TARGET = 9.3;
				MTL_ENABLE_DEBUG_INFO = YES;
				ONLY_ACTIVE_ARCH = YES;
				SDKROOT = iphoneos;
			};
			name = Debug;
		};
		096A63EB1D1A9A4A00B08AFA /* Release */ = {
			isa = XCBuildConfiguration;
			buildSettings = {
				ALWAYS_SEARCH_USER_PATHS = NO;
				CLANG_ANALYZER_NONNULL = YES;
				CLANG_CXX_LANGUAGE_STANDARD = "gnu++0x";
				CLANG_CXX_LIBRARY = "libc++";
				CLANG_ENABLE_MODULES = YES;
				CLANG_ENABLE_OBJC_ARC = YES;
				CLANG_WARN_BOOL_CONVERSION = YES;
				CLANG_WARN_CONSTANT_CONVERSION = YES;
				CLANG_WARN_DIRECT_OBJC_ISA_USAGE = YES_ERROR;
				CLANG_WARN_EMPTY_BODY = YES;
				CLANG_WARN_ENUM_CONVERSION = YES;
				CLANG_WARN_INT_CONVERSION = YES;
				CLANG_WARN_OBJC_ROOT_CLASS = YES_ERROR;
				CLANG_WARN_UNREACHABLE_CODE = YES;
				CLANG_WARN__DUPLICATE_METHOD_MATCH = YES;
				"CODE_SIGN_IDENTITY[sdk=iphoneos*]" = "iPhone Developer";
				COPY_PHASE_STRIP = NO;
				DEBUG_INFORMATION_FORMAT = "dwarf-with-dsym";
				ENABLE_NS_ASSERTIONS = NO;
				ENABLE_STRICT_OBJC_MSGSEND = YES;
				GCC_C_LANGUAGE_STANDARD = gnu99;
				GCC_NO_COMMON_BLOCKS = YES;
				GCC_WARN_64_TO_32_BIT_CONVERSION = YES;
				GCC_WARN_ABOUT_RETURN_TYPE = YES_ERROR;
				GCC_WARN_UNDECLARED_SELECTOR = YES;
				GCC_WARN_UNINITIALIZED_AUTOS = YES_AGGRESSIVE;
				GCC_WARN_UNUSED_FUNCTION = YES;
				GCC_WARN_UNUSED_VARIABLE = YES;
				IPHONEOS_DEPLOYMENT_TARGET = 9.3;
				MTL_ENABLE_DEBUG_INFO = NO;
				SDKROOT = iphoneos;
				VALIDATE_PRODUCT = YES;
			};
			name = Release;
		};
		096A63ED1D1A9A4A00B08AFA /* Debug */ = {
			isa = XCBuildConfiguration;
			baseConfigurationReference = ED946E4079537E97BCE88559 /* Pods-ReferenceProject_iOS.debug.xcconfig */;
			buildSettings = {
				ASSETCATALOG_COMPILER_APPICON_NAME = AppIcon;
				FRAMEWORK_SEARCH_PATHS = (
					"$(inherited)",
					"$(PROJECT_DIR)/ReferenceProject_iOS",
				);
				INFOPLIST_FILE = ReferenceProject_iOS/Info.plist;
				IPHONEOS_DEPLOYMENT_TARGET = 9.0;
				LD_RUNPATH_SEARCH_PATHS = "$(inherited) @executable_path/Frameworks";
				PRODUCT_BUNDLE_IDENTIFIER = "com.vmoksha.ReferenceProject-iOS";
				PRODUCT_NAME = "$(TARGET_NAME)";
			};
			name = Debug;
		};
		096A63EE1D1A9A4A00B08AFA /* Release */ = {
			isa = XCBuildConfiguration;
			baseConfigurationReference = D08B09BB6E2AF5EC7A553E19 /* Pods-ReferenceProject_iOS.release.xcconfig */;
			buildSettings = {
				ASSETCATALOG_COMPILER_APPICON_NAME = AppIcon;
				FRAMEWORK_SEARCH_PATHS = (
					"$(inherited)",
					"$(PROJECT_DIR)/ReferenceProject_iOS",
				);
				INFOPLIST_FILE = ReferenceProject_iOS/Info.plist;
				IPHONEOS_DEPLOYMENT_TARGET = 9.0;
				LD_RUNPATH_SEARCH_PATHS = "$(inherited) @executable_path/Frameworks";
				PRODUCT_BUNDLE_IDENTIFIER = "com.vmoksha.ReferenceProject-iOS";
				PRODUCT_NAME = "$(TARGET_NAME)";
			};
			name = Release;
		};
		096A63F01D1A9A4A00B08AFA /* Debug */ = {
			isa = XCBuildConfiguration;
			baseConfigurationReference = 6B25256DD37418DC9D7FB2A1 /* Pods-ReferenceProject_iOSTests.debug.xcconfig */;
			buildSettings = {
				BUNDLE_LOADER = "$(TEST_HOST)";
				INFOPLIST_FILE = ReferenceProject_iOSTests/Info.plist;
				LD_RUNPATH_SEARCH_PATHS = "$(inherited) @executable_path/Frameworks @loader_path/Frameworks";
				PRODUCT_BUNDLE_IDENTIFIER = "com.vmoksha.ReferenceProject-iOSTests";
				PRODUCT_NAME = "$(TARGET_NAME)";
				TEST_HOST = "$(BUILT_PRODUCTS_DIR)/ReferenceProject_iOS.app/ReferenceProject_iOS";
			};
			name = Debug;
		};
		096A63F11D1A9A4A00B08AFA /* Release */ = {
			isa = XCBuildConfiguration;
			baseConfigurationReference = E649A8CD7F2762CB0CBF0885 /* Pods-ReferenceProject_iOSTests.release.xcconfig */;
			buildSettings = {
				BUNDLE_LOADER = "$(TEST_HOST)";
				INFOPLIST_FILE = ReferenceProject_iOSTests/Info.plist;
				LD_RUNPATH_SEARCH_PATHS = "$(inherited) @executable_path/Frameworks @loader_path/Frameworks";
				PRODUCT_BUNDLE_IDENTIFIER = "com.vmoksha.ReferenceProject-iOSTests";
				PRODUCT_NAME = "$(TARGET_NAME)";
				TEST_HOST = "$(BUILT_PRODUCTS_DIR)/ReferenceProject_iOS.app/ReferenceProject_iOS";
			};
			name = Release;
		};
		096A63F31D1A9A4A00B08AFA /* Debug */ = {
			isa = XCBuildConfiguration;
			baseConfigurationReference = 045583C35889F442E0AFDB97 /* Pods-ReferenceProject_iOSUITests.debug.xcconfig */;
			buildSettings = {
				INFOPLIST_FILE = ReferenceProject_iOSUITests/Info.plist;
				LD_RUNPATH_SEARCH_PATHS = "$(inherited) @executable_path/Frameworks @loader_path/Frameworks";
				PRODUCT_BUNDLE_IDENTIFIER = "com.vmoksha.ReferenceProject-iOSUITests";
				PRODUCT_NAME = "$(TARGET_NAME)";
				TEST_TARGET_NAME = ReferenceProject_iOS;
			};
			name = Debug;
		};
		096A63F41D1A9A4A00B08AFA /* Release */ = {
			isa = XCBuildConfiguration;
			baseConfigurationReference = A19EC541F2E68C0B130D09A6 /* Pods-ReferenceProject_iOSUITests.release.xcconfig */;
			buildSettings = {
				INFOPLIST_FILE = ReferenceProject_iOSUITests/Info.plist;
				LD_RUNPATH_SEARCH_PATHS = "$(inherited) @executable_path/Frameworks @loader_path/Frameworks";
				PRODUCT_BUNDLE_IDENTIFIER = "com.vmoksha.ReferenceProject-iOSUITests";
				PRODUCT_NAME = "$(TARGET_NAME)";
				TEST_TARGET_NAME = ReferenceProject_iOS;
			};
			name = Release;
		};
/* End XCBuildConfiguration section */

/* Begin XCConfigurationList section */
		096A63BA1D1A9A4A00B08AFA /* Build configuration list for PBXProject "ReferenceProject_iOS" */ = {
			isa = XCConfigurationList;
			buildConfigurations = (
				096A63EA1D1A9A4A00B08AFA /* Debug */,
				096A63EB1D1A9A4A00B08AFA /* Release */,
			);
			defaultConfigurationIsVisible = 0;
			defaultConfigurationName = Release;
		};
		096A63EC1D1A9A4A00B08AFA /* Build configuration list for PBXNativeTarget "ReferenceProject_iOS" */ = {
			isa = XCConfigurationList;
			buildConfigurations = (
				096A63ED1D1A9A4A00B08AFA /* Debug */,
				096A63EE1D1A9A4A00B08AFA /* Release */,
			);
			defaultConfigurationIsVisible = 0;
			defaultConfigurationName = Release;
		};
		096A63EF1D1A9A4A00B08AFA /* Build configuration list for PBXNativeTarget "ReferenceProject_iOSTests" */ = {
			isa = XCConfigurationList;
			buildConfigurations = (
				096A63F01D1A9A4A00B08AFA /* Debug */,
				096A63F11D1A9A4A00B08AFA /* Release */,
			);
			defaultConfigurationIsVisible = 0;
			defaultConfigurationName = Release;
		};
		096A63F21D1A9A4A00B08AFA /* Build configuration list for PBXNativeTarget "ReferenceProject_iOSUITests" */ = {
			isa = XCConfigurationList;
			buildConfigurations = (
				096A63F31D1A9A4A00B08AFA /* Debug */,
				096A63F41D1A9A4A00B08AFA /* Release */,
			);
			defaultConfigurationIsVisible = 0;
			defaultConfigurationName = Release;
		};
/* End XCConfigurationList section */
	};
	rootObject = 096A63B71D1A9A4A00B08AFA /* Project object */;
}
